// !$*UTF8*$!
{
	archiveVersion = 1;
	classes = {
	};
	objectVersion = 50;
	objects = {

/* Begin PBXBuildFile section */
		8902749A257F576300BEBC0A /* AppDelegate.swift in Sources */ = {isa = PBXBuildFile; fileRef = 89027499257F576300BEBC0A /* AppDelegate.swift */; };
		8902749C257F576300BEBC0A /* SceneDelegate.swift in Sources */ = {isa = PBXBuildFile; fileRef = 8902749B257F576300BEBC0A /* SceneDelegate.swift */; };
		8902749E257F576300BEBC0A /* ViewController.swift in Sources */ = {isa = PBXBuildFile; fileRef = 8902749D257F576300BEBC0A /* ViewController.swift */; };
		890274A1257F576300BEBC0A /* Main.storyboard in Resources */ = {isa = PBXBuildFile; fileRef = 8902749F257F576300BEBC0A /* Main.storyboard */; };
		890274A3257F576500BEBC0A /* Assets.xcassets in Resources */ = {isa = PBXBuildFile; fileRef = 890274A2257F576500BEBC0A /* Assets.xcassets */; };
		890274A6257F576500BEBC0A /* LaunchScreen.storyboard in Resources */ = {isa = PBXBuildFile; fileRef = 890274A4257F576500BEBC0A /* LaunchScreen.storyboard */; };
		890274B1257F576500BEBC0A /* FileManagerTests.swift in Sources */ = {isa = PBXBuildFile; fileRef = 890274B0257F576500BEBC0A /* FileManagerTests.swift */; };
		890274BC257F576500BEBC0A /* FileManagerUITests.swift in Sources */ = {isa = PBXBuildFile; fileRef = 890274BB257F576500BEBC0A /* FileManagerUITests.swift */; };
/* End PBXBuildFile section */

/* Begin PBXContainerItemProxy section */
		890274AD257F576500BEBC0A /* PBXContainerItemProxy */ = {
			isa = PBXContainerItemProxy;
			containerPortal = 8902748E257F576300BEBC0A /* Project object */;
			proxyType = 1;
			remoteGlobalIDString = 89027495257F576300BEBC0A;
			remoteInfo = FileManager;
		};
		890274B8257F576500BEBC0A /* PBXContainerItemProxy */ = {
			isa = PBXContainerItemProxy;
			containerPortal = 8902748E257F576300BEBC0A /* Project object */;
			proxyType = 1;
			remoteGlobalIDString = 89027495257F576300BEBC0A;
			remoteInfo = FileManager;
		};
/* End PBXContainerItemProxy section */

/* Begin PBXFileReference section */
		89027496257F576300BEBC0A /* FileManager.app */ = {isa = PBXFileReference; explicitFileType = wrapper.application; includeInIndex = 0; path = FileManager.app; sourceTree = BUILT_PRODUCTS_DIR; };
		89027499257F576300BEBC0A /* AppDelegate.swift */ = {isa = PBXFileReference; lastKnownFileType = sourcecode.swift; path = AppDelegate.swift; sourceTree = "<group>"; };
		8902749B257F576300BEBC0A /* SceneDelegate.swift */ = {isa = PBXFileReference; lastKnownFileType = sourcecode.swift; path = SceneDelegate.swift; sourceTree = "<group>"; };
		8902749D257F576300BEBC0A /* ViewController.swift */ = {isa = PBXFileReference; lastKnownFileType = sourcecode.swift; path = ViewController.swift; sourceTree = "<group>"; };
		890274A0257F576300BEBC0A /* Base */ = {isa = PBXFileReference; lastKnownFileType = file.storyboard; name = Base; path = Base.lproj/Main.storyboard; sourceTree = "<group>"; };
		890274A2257F576500BEBC0A /* Assets.xcassets */ = {isa = PBXFileReference; lastKnownFileType = folder.assetcatalog; path = Assets.xcassets; sourceTree = "<group>"; };
		890274A5257F576500BEBC0A /* Base */ = {isa = PBXFileReference; lastKnownFileType = file.storyboard; name = Base; path = Base.lproj/LaunchScreen.storyboard; sourceTree = "<group>"; };
		890274A7257F576500BEBC0A /* Info.plist */ = {isa = PBXFileReference; lastKnownFileType = text.plist.xml; path = Info.plist; sourceTree = "<group>"; };
		890274AC257F576500BEBC0A /* FileManagerTests.xctest */ = {isa = PBXFileReference; explicitFileType = wrapper.cfbundle; includeInIndex = 0; path = FileManagerTests.xctest; sourceTree = BUILT_PRODUCTS_DIR; };
		890274B0257F576500BEBC0A /* FileManagerTests.swift */ = {isa = PBXFileReference; lastKnownFileType = sourcecode.swift; path = FileManagerTests.swift; sourceTree = "<group>"; };
		890274B2257F576500BEBC0A /* Info.plist */ = {isa = PBXFileReference; lastKnownFileType = text.plist.xml; path = Info.plist; sourceTree = "<group>"; };
		890274B7257F576500BEBC0A /* FileManagerUITests.xctest */ = {isa = PBXFileReference; explicitFileType = wrapper.cfbundle; includeInIndex = 0; path = FileManagerUITests.xctest; sourceTree = BUILT_PRODUCTS_DIR; };
		890274BB257F576500BEBC0A /* FileManagerUITests.swift */ = {isa = PBXFileReference; lastKnownFileType = sourcecode.swift; path = FileManagerUITests.swift; sourceTree = "<group>"; };
		890274BD257F576500BEBC0A /* Info.plist */ = {isa = PBXFileReference; lastKnownFileType = text.plist.xml; path = Info.plist; sourceTree = "<group>"; };
/* End PBXFileReference section */

/* Begin PBXFrameworksBuildPhase section */
		89027493257F576300BEBC0A /* Frameworks */ = {
			isa = PBXFrameworksBuildPhase;
			buildActionMask = 2147483647;
			files = (
			);
			runOnlyForDeploymentPostprocessing = 0;
		};
		890274A9257F576500BEBC0A /* Frameworks */ = {
			isa = PBXFrameworksBuildPhase;
			buildActionMask = 2147483647;
			files = (
			);
			runOnlyForDeploymentPostprocessing = 0;
		};
		890274B4257F576500BEBC0A /* Frameworks */ = {
			isa = PBXFrameworksBuildPhase;
			buildActionMask = 2147483647;
			files = (
			);
			runOnlyForDeploymentPostprocessing = 0;
		};
/* End PBXFrameworksBuildPhase section */

/* Begin PBXGroup section */
		8902748D257F576300BEBC0A = {
			isa = PBXGroup;
			children = (
				89027498257F576300BEBC0A /* FileManager */,
				890274AF257F576500BEBC0A /* FileManagerTests */,
				890274BA257F576500BEBC0A /* FileManagerUITests */,
				89027497257F576300BEBC0A /* Products */,
			);
			sourceTree = "<group>";
		};
		89027497257F576300BEBC0A /* Products */ = {
			isa = PBXGroup;
			children = (
				89027496257F576300BEBC0A /* FileManager.app */,
				890274AC257F576500BEBC0A /* FileManagerTests.xctest */,
				890274B7257F576500BEBC0A /* FileManagerUITests.xctest */,
			);
			name = Products;
			sourceTree = "<group>";
		};
		89027498257F576300BEBC0A /* FileManager */ = {
			isa = PBXGroup;
			children = (
				89027499257F576300BEBC0A /* AppDelegate.swift */,
				8902749B257F576300BEBC0A /* SceneDelegate.swift */,
				8902749D257F576300BEBC0A /* ViewController.swift */,
				8902749F257F576300BEBC0A /* Main.storyboard */,
				890274A2257F576500BEBC0A /* Assets.xcassets */,
				890274A4257F576500BEBC0A /* LaunchScreen.storyboard */,
				890274A7257F576500BEBC0A /* Info.plist */,
			);
			path = FileManager;
			sourceTree = "<group>";
		};
		890274AF257F576500BEBC0A /* FileManagerTests */ = {
			isa = PBXGroup;
			children = (
				890274B0257F576500BEBC0A /* FileManagerTests.swift */,
				890274B2257F576500BEBC0A /* Info.plist */,
			);
			path = FileManagerTests;
			sourceTree = "<group>";
		};
		890274BA257F576500BEBC0A /* FileManagerUITests */ = {
			isa = PBXGroup;
			children = (
				890274BB257F576500BEBC0A /* FileManagerUITests.swift */,
				890274BD257F576500BEBC0A /* Info.plist */,
			);
			path = FileManagerUITests;
			sourceTree = "<group>";
		};
/* End PBXGroup section */

/* Begin PBXNativeTarget section */
		89027495257F576300BEBC0A /* FileManager */ = {
			isa = PBXNativeTarget;
			buildConfigurationList = 890274C0257F576500BEBC0A /* Build configuration list for PBXNativeTarget "FileManager" */;
			buildPhases = (
				89027492257F576300BEBC0A /* Sources */,
				89027493257F576300BEBC0A /* Frameworks */,
				89027494257F576300BEBC0A /* Resources */,
			);
			buildRules = (
			);
			dependencies = (
			);
			name = FileManager;
			productName = FileManager;
			productReference = 89027496257F576300BEBC0A /* FileManager.app */;
			productType = "com.apple.product-type.application";
		};
		890274AB257F576500BEBC0A /* FileManagerTests */ = {
			isa = PBXNativeTarget;
			buildConfigurationList = 890274C3257F576500BEBC0A /* Build configuration list for PBXNativeTarget "FileManagerTests" */;
			buildPhases = (
				890274A8257F576500BEBC0A /* Sources */,
				890274A9257F576500BEBC0A /* Frameworks */,
				890274AA257F576500BEBC0A /* Resources */,
			);
			buildRules = (
			);
			dependencies = (
				890274AE257F576500BEBC0A /* PBXTargetDependency */,
			);
			name = FileManagerTests;
			productName = FileManagerTests;
			productReference = 890274AC257F576500BEBC0A /* FileManagerTests.xctest */;
			productType = "com.apple.product-type.bundle.unit-test";
		};
		890274B6257F576500BEBC0A /* FileManagerUITests */ = {
			isa = PBXNativeTarget;
			buildConfigurationList = 890274C6257F576500BEBC0A /* Build configuration list for PBXNativeTarget "FileManagerUITests" */;
			buildPhases = (
				890274B3257F576500BEBC0A /* Sources */,
				890274B4257F576500BEBC0A /* Frameworks */,
				890274B5257F576500BEBC0A /* Resources */,
			);
			buildRules = (
			);
			dependencies = (
				890274B9257F576500BEBC0A /* PBXTargetDependency */,
			);
			name = FileManagerUITests;
			productName = FileManagerUITests;
			productReference = 890274B7257F576500BEBC0A /* FileManagerUITests.xctest */;
			productType = "com.apple.product-type.bundle.ui-testing";
		};
/* End PBXNativeTarget section */

/* Begin PBXProject section */
		8902748E257F576300BEBC0A /* Project object */ = {
			isa = PBXProject;
			attributes = {
				LastSwiftUpdateCheck = 1220;
				LastUpgradeCheck = 1220;
				TargetAttributes = {
					89027495257F576300BEBC0A = {
						CreatedOnToolsVersion = 12.2;
					};
					890274AB257F576500BEBC0A = {
						CreatedOnToolsVersion = 12.2;
						TestTargetID = 89027495257F576300BEBC0A;
					};
					890274B6257F576500BEBC0A = {
						CreatedOnToolsVersion = 12.2;
						TestTargetID = 89027495257F576300BEBC0A;
					};
				};
			};
			buildConfigurationList = 89027491257F576300BEBC0A /* Build configuration list for PBXProject "FileManager" */;
			compatibilityVersion = "Xcode 9.3";
			developmentRegion = en;
			hasScannedForEncodings = 0;
			knownRegions = (
				en,
				Base,
			);
			mainGroup = 8902748D257F576300BEBC0A;
			productRefGroup = 89027497257F576300BEBC0A /* Products */;
			projectDirPath = "";
			projectRoot = "";
			targets = (
				89027495257F576300BEBC0A /* FileManager */,
				890274AB257F576500BEBC0A /* FileManagerTests */,
				890274B6257F576500BEBC0A /* FileManagerUITests */,
			);
		};
/* End PBXProject section */

/* Begin PBXResourcesBuildPhase section */
		89027494257F576300BEBC0A /* Resources */ = {
			isa = PBXResourcesBuildPhase;
			buildActionMask = 2147483647;
			files = (
				890274A6257F576500BEBC0A /* LaunchScreen.storyboard in Resources */,
				890274A3257F576500BEBC0A /* Assets.xcassets in Resources */,
				890274A1257F576300BEBC0A /* Main.storyboard in Resources */,
			);
			runOnlyForDeploymentPostprocessing = 0;
		};
		890274AA257F576500BEBC0A /* Resources */ = {
			isa = PBXResourcesBuildPhase;
			buildActionMask = 2147483647;
			files = (
			);
			runOnlyForDeploymentPostprocessing = 0;
		};
		890274B5257F576500BEBC0A /* Resources */ = {
			isa = PBXResourcesBuildPhase;
			buildActionMask = 2147483647;
			files = (
			);
			runOnlyForDeploymentPostprocessing = 0;
		};
/* End PBXResourcesBuildPhase section */

/* Begin PBXSourcesBuildPhase section */
		89027492257F576300BEBC0A /* Sources */ = {
			isa = PBXSourcesBuildPhase;
			buildActionMask = 2147483647;
			files = (
				8902749E257F576300BEBC0A /* ViewController.swift in Sources */,
				8902749A257F576300BEBC0A /* AppDelegate.swift in Sources */,
				8902749C257F576300BEBC0A /* SceneDelegate.swift in Sources */,
			);
			runOnlyForDeploymentPostprocessing = 0;
		};
		890274A8257F576500BEBC0A /* Sources */ = {
			isa = PBXSourcesBuildPhase;
			buildActionMask = 2147483647;
			files = (
				890274B1257F576500BEBC0A /* FileManagerTests.swift in Sources */,
			);
			runOnlyForDeploymentPostprocessing = 0;
		};
		890274B3257F576500BEBC0A /* Sources */ = {
			isa = PBXSourcesBuildPhase;
			buildActionMask = 2147483647;
			files = (
				890274BC257F576500BEBC0A /* FileManagerUITests.swift in Sources */,
			);
			runOnlyForDeploymentPostprocessing = 0;
		};
/* End PBXSourcesBuildPhase section */

/* Begin PBXTargetDependency section */
		890274AE257F576500BEBC0A /* PBXTargetDependency */ = {
			isa = PBXTargetDependency;
			target = 89027495257F576300BEBC0A /* FileManager */;
			targetProxy = 890274AD257F576500BEBC0A /* PBXContainerItemProxy */;
		};
		890274B9257F576500BEBC0A /* PBXTargetDependency */ = {
			isa = PBXTargetDependency;
			target = 89027495257F576300BEBC0A /* FileManager */;
			targetProxy = 890274B8257F576500BEBC0A /* PBXContainerItemProxy */;
		};
/* End PBXTargetDependency section */

/* Begin PBXVariantGroup section */
		8902749F257F576300BEBC0A /* Main.storyboard */ = {
			isa = PBXVariantGroup;
			children = (
				890274A0257F576300BEBC0A /* Base */,
			);
			name = Main.storyboard;
			sourceTree = "<group>";
		};
		890274A4257F576500BEBC0A /* LaunchScreen.storyboard */ = {
			isa = PBXVariantGroup;
			children = (
				890274A5257F576500BEBC0A /* Base */,
			);
			name = LaunchScreen.storyboard;
			sourceTree = "<group>";
		};
/* End PBXVariantGroup section */

/* Begin XCBuildConfiguration section */
		890274BE257F576500BEBC0A /* Debug */ = {
			isa = XCBuildConfiguration;
			buildSettings = {
				ALWAYS_SEARCH_USER_PATHS = NO;
				CLANG_ANALYZER_NONNULL = YES;
				CLANG_ANALYZER_NUMBER_OBJECT_CONVERSION = YES_AGGRESSIVE;
				CLANG_CXX_LANGUAGE_STANDARD = "gnu++14";
				CLANG_CXX_LIBRARY = "libc++";
				CLANG_ENABLE_MODULES = YES;
				CLANG_ENABLE_OBJC_ARC = YES;
				CLANG_ENABLE_OBJC_WEAK = YES;
				CLANG_WARN_BLOCK_CAPTURE_AUTORELEASING = YES;
				CLANG_WARN_BOOL_CONVERSION = YES;
				CLANG_WARN_COMMA = YES;
				CLANG_WARN_CONSTANT_CONVERSION = YES;
				CLANG_WARN_DEPRECATED_OBJC_IMPLEMENTATIONS = YES;
				CLANG_WARN_DIRECT_OBJC_ISA_USAGE = YES_ERROR;
				CLANG_WARN_DOCUMENTATION_COMMENTS = YES;
				CLANG_WARN_EMPTY_BODY = YES;
				CLANG_WARN_ENUM_CONVERSION = YES;
				CLANG_WARN_INFINITE_RECURSION = YES;
				CLANG_WARN_INT_CONVERSION = YES;
				CLANG_WARN_NON_LITERAL_NULL_CONVERSION = YES;
				CLANG_WARN_OBJC_IMPLICIT_RETAIN_SELF = YES;
				CLANG_WARN_OBJC_LITERAL_CONVERSION = YES;
				CLANG_WARN_OBJC_ROOT_CLASS = YES_ERROR;
				CLANG_WARN_QUOTED_INCLUDE_IN_FRAMEWORK_HEADER = YES;
				CLANG_WARN_RANGE_LOOP_ANALYSIS = YES;
				CLANG_WARN_STRICT_PROTOTYPES = YES;
				CLANG_WARN_SUSPICIOUS_MOVE = YES;
				CLANG_WARN_UNGUARDED_AVAILABILITY = YES_AGGRESSIVE;
				CLANG_WARN_UNREACHABLE_CODE = YES;
				CLANG_WARN__DUPLICATE_METHOD_MATCH = YES;
				COPY_PHASE_STRIP = NO;
				DEBUG_INFORMATION_FORMAT = dwarf;
				ENABLE_STRICT_OBJC_MSGSEND = YES;
				ENABLE_TESTABILITY = YES;
				GCC_C_LANGUAGE_STANDARD = gnu11;
				GCC_DYNAMIC_NO_PIC = NO;
				GCC_NO_COMMON_BLOCKS = YES;
				GCC_OPTIMIZATION_LEVEL = 0;
				GCC_PREPROCESSOR_DEFINITIONS = (
					"DEBUG=1",
					"$(inherited)",
				);
				GCC_WARN_64_TO_32_BIT_CONVERSION = YES;
				GCC_WARN_ABOUT_RETURN_TYPE = YES_ERROR;
				GCC_WARN_UNDECLARED_SELECTOR = YES;
				GCC_WARN_UNINITIALIZED_AUTOS = YES_AGGRESSIVE;
				GCC_WARN_UNUSED_FUNCTION = YES;
				GCC_WARN_UNUSED_VARIABLE = YES;
				IPHONEOS_DEPLOYMENT_TARGET = 14.2;
				MTL_ENABLE_DEBUG_INFO = INCLUDE_SOURCE;
				MTL_FAST_MATH = YES;
				ONLY_ACTIVE_ARCH = YES;
				SDKROOT = iphoneos;
				SWIFT_ACTIVE_COMPILATION_CONDITIONS = DEBUG;
				SWIFT_OPTIMIZATION_LEVEL = "-Onone";
			};
			name = Debug;
		};
		890274BF257F576500BEBC0A /* Release */ = {
			isa = XCBuildConfiguration;
			buildSettings = {
				ALWAYS_SEARCH_USER_PATHS = NO;
				CLANG_ANALYZER_NONNULL = YES;
				CLANG_ANALYZER_NUMBER_OBJECT_CONVERSION = YES_AGGRESSIVE;
				CLANG_CXX_LANGUAGE_STANDARD = "gnu++14";
				CLANG_CXX_LIBRARY = "libc++";
				CLANG_ENABLE_MODULES = YES;
				CLANG_ENABLE_OBJC_ARC = YES;
				CLANG_ENABLE_OBJC_WEAK = YES;
				CLANG_WARN_BLOCK_CAPTURE_AUTORELEASING = YES;
				CLANG_WARN_BOOL_CONVERSION = YES;
				CLANG_WARN_COMMA = YES;
				CLANG_WARN_CONSTANT_CONVERSION = YES;
				CLANG_WARN_DEPRECATED_OBJC_IMPLEMENTATIONS = YES;
				CLANG_WARN_DIRECT_OBJC_ISA_USAGE = YES_ERROR;
				CLANG_WARN_DOCUMENTATION_COMMENTS = YES;
				CLANG_WARN_EMPTY_BODY = YES;
				CLANG_WARN_ENUM_CONVERSION = YES;
				CLANG_WARN_INFINITE_RECURSION = YES;
				CLANG_WARN_INT_CONVERSION = YES;
				CLANG_WARN_NON_LITERAL_NULL_CONVERSION = YES;
				CLANG_WARN_OBJC_IMPLICIT_RETAIN_SELF = YES;
				CLANG_WARN_OBJC_LITERAL_CONVERSION = YES;
				CLANG_WARN_OBJC_ROOT_CLASS = YES_ERROR;
				CLANG_WARN_QUOTED_INCLUDE_IN_FRAMEWORK_HEADER = YES;
				CLANG_WARN_RANGE_LOOP_ANALYSIS = YES;
				CLANG_WARN_STRICT_PROTOTYPES = YES;
				CLANG_WARN_SUSPICIOUS_MOVE = YES;
				CLANG_WARN_UNGUARDED_AVAILABILITY = YES_AGGRESSIVE;
				CLANG_WARN_UNREACHABLE_CODE = YES;
				CLANG_WARN__DUPLICATE_METHOD_MATCH = YES;
				COPY_PHASE_STRIP = NO;
				DEBUG_INFORMATION_FORMAT = "dwarf-with-dsym";
				ENABLE_NS_ASSERTIONS = NO;
				ENABLE_STRICT_OBJC_MSGSEND = YES;
				GCC_C_LANGUAGE_STANDARD = gnu11;
				GCC_NO_COMMON_BLOCKS = YES;
				GCC_WARN_64_TO_32_BIT_CONVERSION = YES;
				GCC_WARN_ABOUT_RETURN_TYPE = YES_ERROR;
				GCC_WARN_UNDECLARED_SELECTOR = YES;
				GCC_WARN_UNINITIALIZED_AUTOS = YES_AGGRESSIVE;
				GCC_WARN_UNUSED_FUNCTION = YES;
				GCC_WARN_UNUSED_VARIABLE = YES;
				IPHONEOS_DEPLOYMENT_TARGET = 14.2;
				MTL_ENABLE_DEBUG_INFO = NO;
				MTL_FAST_MATH = YES;
				SDKROOT = iphoneos;
				SWIFT_COMPILATION_MODE = wholemodule;
				SWIFT_OPTIMIZATION_LEVEL = "-O";
				VALIDATE_PRODUCT = YES;
			};
			name = Release;
		};
		890274C1257F576500BEBC0A /* Debug */ = {
			isa = XCBuildConfiguration;
			buildSettings = {
				ASSETCATALOG_COMPILER_APPICON_NAME = AppIcon;
				ASSETCATALOG_COMPILER_GLOBAL_ACCENT_COLOR_NAME = AccentColor;
				CODE_SIGN_STYLE = Automatic;
				INFOPLIST_FILE = FileManager/Info.plist;
				LD_RUNPATH_SEARCH_PATHS = (
					"$(inherited)",
					"@executable_path/Frameworks",
				);
				PRODUCT_BUNDLE_IDENTIFIER = Appnap.FileManager;
				PRODUCT_NAME = "$(TARGET_NAME)";
				SWIFT_VERSION = 5.0;
				TARGETED_DEVICE_FAMILY = "1,2";
			};
			name = Debug;
		};
		890274C2257F576500BEBC0A /* Release */ = {
			isa = XCBuildConfiguration;
			buildSettings = {
				ASSETCATALOG_COMPILER_APPICON_NAME = AppIcon;
				ASSETCATALOG_COMPILER_GLOBAL_ACCENT_COLOR_NAME = AccentColor;
				CODE_SIGN_STYLE = Automatic;
				INFOPLIST_FILE = FileManager/Info.plist;
				LD_RUNPATH_SEARCH_PATHS = (
					"$(inherited)",
					"@executable_path/Frameworks",
				);
				PRODUCT_BUNDLE_IDENTIFIER = Appnap.FileManager;
				PRODUCT_NAME = "$(TARGET_NAME)";
				SWIFT_VERSION = 5.0;
				TARGETED_DEVICE_FAMILY = "1,2";
			};
			name = Release;
		};
		890274C4257F576500BEBC0A /* Debug */ = {
			isa = XCBuildConfiguration;
			buildSettings = {
				ALWAYS_EMBED_SWIFT_STANDARD_LIBRARIES = YES;
				BUNDLE_LOADER = "$(TEST_HOST)";
				CODE_SIGN_STYLE = Automatic;
				INFOPLIST_FILE = FileManagerTests/Info.plist;
				IPHONEOS_DEPLOYMENT_TARGET = 14.2;
				LD_RUNPATH_SEARCH_PATHS = (
					"$(inherited)",
					"@executable_path/Frameworks",
					"@loader_path/Frameworks",
				);
				PRODUCT_BUNDLE_IDENTIFIER = Appnap.FileManagerTests;
				PRODUCT_NAME = "$(TARGET_NAME)";
				SWIFT_VERSION = 5.0;
				TARGETED_DEVICE_FAMILY = "1,2";
				TEST_HOST = "$(BUILT_PRODUCTS_DIR)/FileManager.app/FileManager";
			};
			name = Debug;
		};
		890274C5257F576500BEBC0A /* Release */ = {
			isa = XCBuildConfiguration;
			buildSettings = {
				ALWAYS_EMBED_SWIFT_STANDARD_LIBRARIES = YES;
				BUNDLE_LOADER = "$(TEST_HOST)";
				CODE_SIGN_STYLE = Automatic;
				INFOPLIST_FILE = FileManagerTests/Info.plist;
				IPHONEOS_DEPLOYMENT_TARGET = 14.2;
				LD_RUNPATH_SEARCH_PATHS = (
					"$(inherited)",
					"@executable_path/Frameworks",
					"@loader_path/Frameworks",
				);
				PRODUCT_BUNDLE_IDENTIFIER = Appnap.FileManagerTests;
				PRODUCT_NAME = "$(TARGET_NAME)";
				SWIFT_VERSION = 5.0;
				TARGETED_DEVICE_FAMILY = "1,2";
				TEST_HOST = "$(BUILT_PRODUCTS_DIR)/FileManager.app/FileManager";
			};
			name = Release;
		};
		890274C7257F576500BEBC0A /* Debug */ = {
			isa = XCBuildConfiguration;
			buildSettings = {
				ALWAYS_EMBED_SWIFT_STANDARD_LIBRARIES = YES;
				CODE_SIGN_STYLE = Automatic;
				INFOPLIST_FILE = FileManagerUITests/Info.plist;
				LD_RUNPATH_SEARCH_PATHS = (
					"$(inherited)",
					"@executable_path/Frameworks",
					"@loader_path/Frameworks",
				);
				PRODUCT_BUNDLE_IDENTIFIER = Appnap.FileManagerUITests;
				PRODUCT_NAME = "$(TARGET_NAME)";
				SWIFT_VERSION = 5.0;
				TARGETED_DEVICE_FAMILY = "1,2";
				TEST_TARGET_NAME = FileManager;
			};
			name = Debug;
		};
		890274C8257F576500BEBC0A /* Release */ = {
			isa = XCBuildConfiguration;
			buildSettings = {
				ALWAYS_EMBED_SWIFT_STANDARD_LIBRARIES = YES;
				CODE_SIGN_STYLE = Automatic;
				INFOPLIST_FILE = FileManagerUITests/Info.plist;
				LD_RUNPATH_SEARCH_PATHS = (
					"$(inherited)",
					"@executable_path/Frameworks",
					"@loader_path/Frameworks",
				);
				PRODUCT_BUNDLE_IDENTIFIER = Appnap.FileManagerUITests;
				PRODUCT_NAME = "$(TARGET_NAME)";
				SWIFT_VERSION = 5.0;
				TARGETED_DEVICE_FAMILY = "1,2";
				TEST_TARGET_NAME = FileManager;
			};
			name = Release;
		};
/* End XCBuildConfiguration section */

/* Begin XCConfigurationList section */
		89027491257F576300BEBC0A /* Build configuration list for PBXProject "FileManager" */ = {
			isa = XCConfigurationList;
			buildConfigurations = (
				890274BE257F576500BEBC0A /* Debug */,
				890274BF257F576500BEBC0A /* Release */,
			);
			defaultConfigurationIsVisible = 0;
			defaultConfigurationName = Release;
		};
		890274C0257F576500BEBC0A /* Build configuration list for PBXNativeTarget "FileManager" */ = {
			isa = XCConfigurationList;
			buildConfigurations = (
				890274C1257F576500BEBC0A /* Debug */,
				890274C2257F576500BEBC0A /* Release */,
			);
			defaultConfigurationIsVisible = 0;
			defaultConfigurationName = Release;
		};
		890274C3257F576500BEBC0A /* Build configuration list for PBXNativeTarget "FileManagerTests" */ = {
			isa = XCConfigurationList;
			buildConfigurations = (
				890274C4257F576500BEBC0A /* Debug */,
				890274C5257F576500BEBC0A /* Release */,
			);
			defaultConfigurationIsVisible = 0;
			defaultConfigurationName = Release;
		};
		890274C6257F576500BEBC0A /* Build configuration list for PBXNativeTarget "FileManagerUITests" */ = {
			isa = XCConfigurationList;
			buildConfigurations = (
				890274C7257F576500BEBC0A /* Debug */,
				890274C8257F576500BEBC0A /* Release */,
			);
			defaultConfigurationIsVisible = 0;
			defaultConfigurationName = Release;
		};
/* End XCConfigurationList section */
	};
	rootObject = 8902748E257F576300BEBC0A /* Project object */;
}
